// !$*UTF8*$!
{
	archiveVersion = 1;
	classes = {
	};
	objectVersion = 46;
	objects = {

/* Begin PBXBuildFile section */
		613C73BA74FC38EDD9ADA951 /* libPods.a in Frameworks */ = {isa = PBXBuildFile; fileRef = 16BD323F0297223C83496417 /* libPods.a */; };
		7545B51D1C44D65900DBC22D /* Assets.xcassets in Resources */ = {isa = PBXBuildFile; fileRef = 7545B51C1C44D65900DBC22D /* Assets.xcassets */; };
		7545B52B1C44D65900DBC22D /* SMTHBBSTests.swift in Sources */ = {isa = PBXBuildFile; fileRef = 7545B52A1C44D65900DBC22D /* SMTHBBSTests.swift */; };
		7545B5361C44D65900DBC22D /* SMTHBBSUITests.swift in Sources */ = {isa = PBXBuildFile; fileRef = 7545B5351C44D65900DBC22D /* SMTHBBSUITests.swift */; };
		756FDA471C80438F00D7C7BA /* LoginViewController.swift in Sources */ = {isa = PBXBuildFile; fileRef = 756FDA461C80438F00D7C7BA /* LoginViewController.swift */; };
		756FDA4B1C80467E00D7C7BA /* AppDelegate.swift in Sources */ = {isa = PBXBuildFile; fileRef = 756FDA4A1C80467E00D7C7BA /* AppDelegate.swift */; };
		756FDA521C80471800D7C7BA /* Color+Extension.swift in Sources */ = {isa = PBXBuildFile; fileRef = 756FDA4D1C80471800D7C7BA /* Color+Extension.swift */; };
		756FDA531C80471800D7C7BA /* UIBarButtonItem+Extension.swift in Sources */ = {isa = PBXBuildFile; fileRef = 756FDA4E1C80471800D7C7BA /* UIBarButtonItem+Extension.swift */; };
		756FDA541C80471800D7C7BA /* UIDevice + Extension.swift in Sources */ = {isa = PBXBuildFile; fileRef = 756FDA4F1C80471800D7C7BA /* UIDevice + Extension.swift */; };
		756FDA551C80471800D7C7BA /* UIImage + Extension.swift in Sources */ = {isa = PBXBuildFile; fileRef = 756FDA501C80471800D7C7BA /* UIImage + Extension.swift */; };
		756FDA561C80471800D7C7BA /* UIView+Extension.swift in Sources */ = {isa = PBXBuildFile; fileRef = 756FDA511C80471800D7C7BA /* UIView+Extension.swift */; };
		756FDA591C80486A00D7C7BA /* AppConstant.swift in Sources */ = {isa = PBXBuildFile; fileRef = 756FDA581C80486A00D7C7BA /* AppConstant.swift */; };
		756FDA5B1C8048FF00D7C7BA /* NSDate+String.swift in Sources */ = {isa = PBXBuildFile; fileRef = 756FDA5A1C8048FF00D7C7BA /* NSDate+String.swift */; };
		756FDA5D1C80494E00D7C7BA /* BaseViewController.swift in Sources */ = {isa = PBXBuildFile; fileRef = 756FDA5C1C80494E00D7C7BA /* BaseViewController.swift */; };
		756FDA5F1C80496000D7C7BA /* BaseNavigationController.swift in Sources */ = {isa = PBXBuildFile; fileRef = 756FDA5E1C80496000D7C7BA /* BaseNavigationController.swift */; };
		756FDA611C804E7900D7C7BA /* UpImageDownTextButton.swift in Sources */ = {isa = PBXBuildFile; fileRef = 756FDA601C804E7900D7C7BA /* UpImageDownTextButton.swift */; };
/* End PBXBuildFile section */

/* Begin PBXContainerItemProxy section */
		7545B5271C44D65900DBC22D /* PBXContainerItemProxy */ = {
			isa = PBXContainerItemProxy;
			containerPortal = 7545B50A1C44D65900DBC22D /* Project object */;
			proxyType = 1;
			remoteGlobalIDString = 7545B5111C44D65900DBC22D;
			remoteInfo = SMTHBBS;
		};
		7545B5321C44D65900DBC22D /* PBXContainerItemProxy */ = {
			isa = PBXContainerItemProxy;
			containerPortal = 7545B50A1C44D65900DBC22D /* Project object */;
			proxyType = 1;
			remoteGlobalIDString = 7545B5111C44D65900DBC22D;
			remoteInfo = SMTHBBS;
		};
/* End PBXContainerItemProxy section */

/* Begin PBXFileReference section */
		16BD323F0297223C83496417 /* libPods.a */ = {isa = PBXFileReference; explicitFileType = archive.ar; includeInIndex = 0; path = libPods.a; sourceTree = BUILT_PRODUCTS_DIR; };
		436FFE3B5E06676BC35A25AA /* Pods.debug.xcconfig */ = {isa = PBXFileReference; includeInIndex = 1; lastKnownFileType = text.xcconfig; name = Pods.debug.xcconfig; path = "Pods/Target Support Files/Pods/Pods.debug.xcconfig"; sourceTree = "<group>"; };
		5FD641617B3348EB4DA0EEAD /* Pods.release.xcconfig */ = {isa = PBXFileReference; includeInIndex = 1; lastKnownFileType = text.xcconfig; name = Pods.release.xcconfig; path = "Pods/Target Support Files/Pods/Pods.release.xcconfig"; sourceTree = "<group>"; };
		7545B5121C44D65900DBC22D /* SMTHBBS.app */ = {isa = PBXFileReference; explicitFileType = wrapper.application; includeInIndex = 0; path = SMTHBBS.app; sourceTree = BUILT_PRODUCTS_DIR; };
		7545B51C1C44D65900DBC22D /* Assets.xcassets */ = {isa = PBXFileReference; lastKnownFileType = folder.assetcatalog; path = Assets.xcassets; sourceTree = "<group>"; };
		7545B5211C44D65900DBC22D /* Info.plist */ = {isa = PBXFileReference; lastKnownFileType = text.plist.xml; path = Info.plist; sourceTree = "<group>"; };
		7545B5261C44D65900DBC22D /* SMTHBBSTests.xctest */ = {isa = PBXFileReference; explicitFileType = wrapper.cfbundle; includeInIndex = 0; path = SMTHBBSTests.xctest; sourceTree = BUILT_PRODUCTS_DIR; };
		7545B52A1C44D65900DBC22D /* SMTHBBSTests.swift */ = {isa = PBXFileReference; lastKnownFileType = sourcecode.swift; path = SMTHBBSTests.swift; sourceTree = "<group>"; };
		7545B52C1C44D65900DBC22D /* Info.plist */ = {isa = PBXFileReference; lastKnownFileType = text.plist.xml; path = Info.plist; sourceTree = "<group>"; };
		7545B5311C44D65900DBC22D /* SMTHBBSUITests.xctest */ = {isa = PBXFileReference; explicitFileType = wrapper.cfbundle; includeInIndex = 0; path = SMTHBBSUITests.xctest; sourceTree = BUILT_PRODUCTS_DIR; };
		7545B5351C44D65900DBC22D /* SMTHBBSUITests.swift */ = {isa = PBXFileReference; lastKnownFileType = sourcecode.swift; path = SMTHBBSUITests.swift; sourceTree = "<group>"; };
		7545B5371C44D65900DBC22D /* Info.plist */ = {isa = PBXFileReference; lastKnownFileType = text.plist.xml; path = Info.plist; sourceTree = "<group>"; };
		756FDA461C80438F00D7C7BA /* LoginViewController.swift */ = {isa = PBXFileReference; fileEncoding = 4; lastKnownFileType = sourcecode.swift; path = LoginViewController.swift; sourceTree = "<group>"; };
		756FDA4A1C80467E00D7C7BA /* AppDelegate.swift */ = {isa = PBXFileReference; fileEncoding = 4; lastKnownFileType = sourcecode.swift; path = AppDelegate.swift; sourceTree = "<group>"; };
		756FDA4D1C80471800D7C7BA /* Color+Extension.swift */ = {isa = PBXFileReference; fileEncoding = 4; lastKnownFileType = sourcecode.swift; path = "Color+Extension.swift"; sourceTree = "<group>"; };
		756FDA4E1C80471800D7C7BA /* UIBarButtonItem+Extension.swift */ = {isa = PBXFileReference; fileEncoding = 4; lastKnownFileType = sourcecode.swift; path = "UIBarButtonItem+Extension.swift"; sourceTree = "<group>"; };
		756FDA4F1C80471800D7C7BA /* UIDevice + Extension.swift */ = {isa = PBXFileReference; fileEncoding = 4; lastKnownFileType = sourcecode.swift; path = "UIDevice + Extension.swift"; sourceTree = "<group>"; };
		756FDA501C80471800D7C7BA /* UIImage + Extension.swift */ = {isa = PBXFileReference; fileEncoding = 4; lastKnownFileType = sourcecode.swift; path = "UIImage + Extension.swift"; sourceTree = "<group>"; };
		756FDA511C80471800D7C7BA /* UIView+Extension.swift */ = {isa = PBXFileReference; fileEncoding = 4; lastKnownFileType = sourcecode.swift; path = "UIView+Extension.swift"; sourceTree = "<group>"; };
		756FDA581C80486A00D7C7BA /* AppConstant.swift */ = {isa = PBXFileReference; fileEncoding = 4; lastKnownFileType = sourcecode.swift; path = AppConstant.swift; sourceTree = "<group>"; };
		756FDA5A1C8048FF00D7C7BA /* NSDate+String.swift */ = {isa = PBXFileReference; fileEncoding = 4; lastKnownFileType = sourcecode.swift; path = "NSDate+String.swift"; sourceTree = "<group>"; };
		756FDA5C1C80494E00D7C7BA /* BaseViewController.swift */ = {isa = PBXFileReference; fileEncoding = 4; lastKnownFileType = sourcecode.swift; path = BaseViewController.swift; sourceTree = "<group>"; };
		756FDA5E1C80496000D7C7BA /* BaseNavigationController.swift */ = {isa = PBXFileReference; fileEncoding = 4; lastKnownFileType = sourcecode.swift; path = BaseNavigationController.swift; sourceTree = "<group>"; };
		756FDA601C804E7900D7C7BA /* UpImageDownTextButton.swift */ = {isa = PBXFileReference; fileEncoding = 4; lastKnownFileType = sourcecode.swift; path = UpImageDownTextButton.swift; sourceTree = "<group>"; };
		756FDA621C80588500D7C7BA /* SMTHBBS-Bridging-Header.h */ = {isa = PBXFileReference; fileEncoding = 4; lastKnownFileType = sourcecode.c.h; path = "SMTHBBS-Bridging-Header.h"; sourceTree = "<group>"; };
/* End PBXFileReference section */

/* Begin PBXFrameworksBuildPhase section */
		7545B50F1C44D65900DBC22D /* Frameworks */ = {
			isa = PBXFrameworksBuildPhase;
			buildActionMask = 2147483647;
			files = (
				613C73BA74FC38EDD9ADA951 /* libPods.a in Frameworks */,
			);
			runOnlyForDeploymentPostprocessing = 0;
		};
		7545B5231C44D65900DBC22D /* Frameworks */ = {
			isa = PBXFrameworksBuildPhase;
			buildActionMask = 2147483647;
			files = (
			);
			runOnlyForDeploymentPostprocessing = 0;
		};
		7545B52E1C44D65900DBC22D /* Frameworks */ = {
			isa = PBXFrameworksBuildPhase;
			buildActionMask = 2147483647;
			files = (
			);
			runOnlyForDeploymentPostprocessing = 0;
		};
/* End PBXFrameworksBuildPhase section */

/* Begin PBXGroup section */
		475DC5CA9FE909134DBF6056 /* Pods */ = {
			isa = PBXGroup;
			children = (
				436FFE3B5E06676BC35A25AA /* Pods.debug.xcconfig */,
				5FD641617B3348EB4DA0EEAD /* Pods.release.xcconfig */,
			);
			name = Pods;
			sourceTree = "<group>";
		};
		752109BE1C7F07B800DA2BA2 /* Classes */ = {
			isa = PBXGroup;
			children = (
				752109C61C7F0B8C00DA2BA2 /* Src */,
				756FDA481C80460400D7C7BA /* AppDelegate */,
				756FDA491C80463000D7C7BA /* Constant */,
				752109C41C7F0B8C00DA2BA2 /* Global */,
				752109BF1C7F0B8C00DA2BA2 /* Common */,
				752109C81C7F0B8C00DA2BA2 /* Utilities */,
				752109C01C7F0B8C00DA2BA2 /* Demo */,
			);
			path = Classes;
			sourceTree = "<group>";
		};
		752109BF1C7F0B8C00DA2BA2 /* Common */ = {
			isa = PBXGroup;
			children = (
				756FDA571C8047DA00D7C7BA /* UIViewController */,
				756FDA4C1C80471800D7C7BA /* Extension */,
			);
			path = Common;
			sourceTree = "<group>";
		};
		752109C01C7F0B8C00DA2BA2 /* Demo */ = {
			isa = PBXGroup;
			children = (
				752109C11C7F0B8C00DA2BA2 /* Controller */,
				752109C21C7F0B8C00DA2BA2 /* Model */,
				752109C31C7F0B8C00DA2BA2 /* View */,
			);
			path = Demo;
			sourceTree = "<group>";
		};
		752109C11C7F0B8C00DA2BA2 /* Controller */ = {
			isa = PBXGroup;
			children = (
			);
			path = Controller;
			sourceTree = "<group>";
		};
		752109C21C7F0B8C00DA2BA2 /* Model */ = {
			isa = PBXGroup;
			children = (
			);
			path = Model;
			sourceTree = "<group>";
		};
		752109C31C7F0B8C00DA2BA2 /* View */ = {
			isa = PBXGroup;
			children = (
			);
			path = View;
			sourceTree = "<group>";
		};
		752109C41C7F0B8C00DA2BA2 /* Global */ = {
			isa = PBXGroup;
			children = (
			);
			path = Global;
			sourceTree = "<group>";
		};
		752109C51C7F0B8C00DA2BA2 /* Resources */ = {
			isa = PBXGroup;
			children = (
			);
			name = Resources;
			path = SMTHBBS/Classes/Resources;
			sourceTree = "<group>";
		};
		752109C61C7F0B8C00DA2BA2 /* Src */ = {
			isa = PBXGroup;
			children = (
				756FDA381C80385600D7C7BA /* LoginView */,
			);
			path = Src;
			sourceTree = "<group>";
		};
		752109C81C7F0B8C00DA2BA2 /* Utilities */ = {
			isa = PBXGroup;
			children = (
			);
			path = Utilities;
			sourceTree = "<group>";
		};
		7545B5091C44D65900DBC22D = {
			isa = PBXGroup;
			children = (
				7545B5141C44D65900DBC22D /* SMTHBBS */,
				752109C51C7F0B8C00DA2BA2 /* Resources */,
				7545B5291C44D65900DBC22D /* SMTHBBSTests */,
				7545B5341C44D65900DBC22D /* SMTHBBSUITests */,
				7545B5131C44D65900DBC22D /* Products */,
				475DC5CA9FE909134DBF6056 /* Pods */,
				807409A180164F9CDBA9C90D /* Frameworks */,
			);
			sourceTree = "<group>";
		};
		7545B5131C44D65900DBC22D /* Products */ = {
			isa = PBXGroup;
			children = (
				7545B5121C44D65900DBC22D /* SMTHBBS.app */,
				7545B5261C44D65900DBC22D /* SMTHBBSTests.xctest */,
				7545B5311C44D65900DBC22D /* SMTHBBSUITests.xctest */,
			);
			name = Products;
			sourceTree = "<group>";
		};
		7545B5141C44D65900DBC22D /* SMTHBBS */ = {
			isa = PBXGroup;
			children = (
				752109BE1C7F07B800DA2BA2 /* Classes */,
				7545B51C1C44D65900DBC22D /* Assets.xcassets */,
				7545B5211C44D65900DBC22D /* Info.plist */,
			);
			path = SMTHBBS;
			sourceTree = "<group>";
		};
		7545B5291C44D65900DBC22D /* SMTHBBSTests */ = {
			isa = PBXGroup;
			children = (
				7545B52A1C44D65900DBC22D /* SMTHBBSTests.swift */,
				7545B52C1C44D65900DBC22D /* Info.plist */,
			);
			path = SMTHBBSTests;
			sourceTree = "<group>";
		};
		7545B5341C44D65900DBC22D /* SMTHBBSUITests */ = {
			isa = PBXGroup;
			children = (
				7545B5351C44D65900DBC22D /* SMTHBBSUITests.swift */,
				7545B5371C44D65900DBC22D /* Info.plist */,
			);
			path = SMTHBBSUITests;
			sourceTree = "<group>";
		};
		756FDA381C80385600D7C7BA /* LoginView */ = {
			isa = PBXGroup;
			children = (
				756FDA391C80385600D7C7BA /* Controller */,
				756FDA3A1C80385600D7C7BA /* Model */,
				756FDA3B1C80385600D7C7BA /* View */,
			);
			path = LoginView;
			sourceTree = "<group>";
		};
		756FDA391C80385600D7C7BA /* Controller */ = {
			isa = PBXGroup;
			children = (
				756FDA461C80438F00D7C7BA /* LoginViewController.swift */,
			);
			path = Controller;
			sourceTree = "<group>";
		};
		756FDA3A1C80385600D7C7BA /* Model */ = {
			isa = PBXGroup;
			children = (
			);
			path = Model;
			sourceTree = "<group>";
		};
		756FDA3B1C80385600D7C7BA /* View */ = {
			isa = PBXGroup;
			children = (
			);
			path = View;
			sourceTree = "<group>";
		};
		756FDA481C80460400D7C7BA /* AppDelegate */ = {
			isa = PBXGroup;
			children = (
				756FDA621C80588500D7C7BA /* SMTHBBS-Bridging-Header.h */,
				756FDA4A1C80467E00D7C7BA /* AppDelegate.swift */,
			);
			path = AppDelegate;
			sourceTree = "<group>";
		};
		756FDA491C80463000D7C7BA /* Constant */ = {
			isa = PBXGroup;
			children = (
				756FDA581C80486A00D7C7BA /* AppConstant.swift */,
			);
			path = Constant;
			sourceTree = "<group>";
		};
		756FDA4C1C80471800D7C7BA /* Extension */ = {
			isa = PBXGroup;
			children = (
				756FDA5A1C8048FF00D7C7BA /* NSDate+String.swift */,
				756FDA4D1C80471800D7C7BA /* Color+Extension.swift */,
				756FDA4E1C80471800D7C7BA /* UIBarButtonItem+Extension.swift */,
				756FDA4F1C80471800D7C7BA /* UIDevice + Extension.swift */,
				756FDA501C80471800D7C7BA /* UIImage + Extension.swift */,
				756FDA511C80471800D7C7BA /* UIView+Extension.swift */,
			);
			path = Extension;
			sourceTree = "<group>";
		};
		756FDA571C8047DA00D7C7BA /* UIViewController */ = {
			isa = PBXGroup;
			children = (
				756FDA601C804E7900D7C7BA /* UpImageDownTextButton.swift */,
				756FDA5E1C80496000D7C7BA /* BaseNavigationController.swift */,
				756FDA5C1C80494E00D7C7BA /* BaseViewController.swift */,
			);
			path = UIViewController;
			sourceTree = "<group>";
		};
		807409A180164F9CDBA9C90D /* Frameworks */ = {
			isa = PBXGroup;
			children = (
				16BD323F0297223C83496417 /* libPods.a */,
			);
			name = Frameworks;
			sourceTree = "<group>";
		};
/* End PBXGroup section */

/* Begin PBXNativeTarget section */
		7545B5111C44D65900DBC22D /* SMTHBBS */ = {
			isa = PBXNativeTarget;
			buildConfigurationList = 7545B53A1C44D65900DBC22D /* Build configuration list for PBXNativeTarget "SMTHBBS" */;
			buildPhases = (
				97268FDAAC096BA665E76ECB /* Check Pods Manifest.lock */,
				7545B50E1C44D65900DBC22D /* Sources */,
				7545B50F1C44D65900DBC22D /* Frameworks */,
				7545B5101C44D65900DBC22D /* Resources */,
				4EAB7F6EBEADC9EC4F45B06A /* Embed Pods Frameworks */,
				FC22C171F1E7BDD83BBA2157 /* Copy Pods Resources */,
			);
			buildRules = (
			);
			dependencies = (
			);
			name = SMTHBBS;
			productName = SMTHBBS;
			productReference = 7545B5121C44D65900DBC22D /* SMTHBBS.app */;
			productType = "com.apple.product-type.application";
		};
		7545B5251C44D65900DBC22D /* SMTHBBSTests */ = {
			isa = PBXNativeTarget;
			buildConfigurationList = 7545B53D1C44D65900DBC22D /* Build configuration list for PBXNativeTarget "SMTHBBSTests" */;
			buildPhases = (
				7545B5221C44D65900DBC22D /* Sources */,
				7545B5231C44D65900DBC22D /* Frameworks */,
				7545B5241C44D65900DBC22D /* Resources */,
			);
			buildRules = (
			);
			dependencies = (
				7545B5281C44D65900DBC22D /* PBXTargetDependency */,
			);
			name = SMTHBBSTests;
			productName = SMTHBBSTests;
			productReference = 7545B5261C44D65900DBC22D /* SMTHBBSTests.xctest */;
			productType = "com.apple.product-type.bundle.unit-test";
		};
		7545B5301C44D65900DBC22D /* SMTHBBSUITests */ = {
			isa = PBXNativeTarget;
			buildConfigurationList = 7545B5401C44D65900DBC22D /* Build configuration list for PBXNativeTarget "SMTHBBSUITests" */;
			buildPhases = (
				7545B52D1C44D65900DBC22D /* Sources */,
				7545B52E1C44D65900DBC22D /* Frameworks */,
				7545B52F1C44D65900DBC22D /* Resources */,
			);
			buildRules = (
			);
			dependencies = (
				7545B5331C44D65900DBC22D /* PBXTargetDependency */,
			);
			name = SMTHBBSUITests;
			productName = SMTHBBSUITests;
			productReference = 7545B5311C44D65900DBC22D /* SMTHBBSUITests.xctest */;
			productType = "com.apple.product-type.bundle.ui-testing";
		};
/* End PBXNativeTarget section */

/* Begin PBXProject section */
		7545B50A1C44D65900DBC22D /* Project object */ = {
			isa = PBXProject;
			attributes = {
				LastSwiftUpdateCheck = 0720;
				LastUpgradeCheck = 0720;
				ORGANIZATIONNAME = jiuhao;
				TargetAttributes = {
					7545B5111C44D65900DBC22D = {
						CreatedOnToolsVersion = 7.2;
					};
					7545B5251C44D65900DBC22D = {
						CreatedOnToolsVersion = 7.2;
						TestTargetID = 7545B5111C44D65900DBC22D;
					};
					7545B5301C44D65900DBC22D = {
						CreatedOnToolsVersion = 7.2;
						TestTargetID = 7545B5111C44D65900DBC22D;
					};
				};
			};
			buildConfigurationList = 7545B50D1C44D65900DBC22D /* Build configuration list for PBXProject "SMTHBBS" */;
			compatibilityVersion = "Xcode 3.2";
			developmentRegion = English;
			hasScannedForEncodings = 0;
			knownRegions = (
				en,
				Base,
			);
			mainGroup = 7545B5091C44D65900DBC22D;
			productRefGroup = 7545B5131C44D65900DBC22D /* Products */;
			projectDirPath = "";
			projectRoot = "";
			targets = (
				7545B5111C44D65900DBC22D /* SMTHBBS */,
				7545B5251C44D65900DBC22D /* SMTHBBSTests */,
				7545B5301C44D65900DBC22D /* SMTHBBSUITests */,
			);
		};
/* End PBXProject section */

/* Begin PBXResourcesBuildPhase section */
		7545B5101C44D65900DBC22D /* Resources */ = {
			isa = PBXResourcesBuildPhase;
			buildActionMask = 2147483647;
			files = (
				7545B51D1C44D65900DBC22D /* Assets.xcassets in Resources */,
			);
			runOnlyForDeploymentPostprocessing = 0;
		};
		7545B5241C44D65900DBC22D /* Resources */ = {
			isa = PBXResourcesBuildPhase;
			buildActionMask = 2147483647;
			files = (
			);
			runOnlyForDeploymentPostprocessing = 0;
		};
		7545B52F1C44D65900DBC22D /* Resources */ = {
			isa = PBXResourcesBuildPhase;
			buildActionMask = 2147483647;
			files = (
			);
			runOnlyForDeploymentPostprocessing = 0;
		};
/* End PBXResourcesBuildPhase section */

/* Begin PBXShellScriptBuildPhase section */
		4EAB7F6EBEADC9EC4F45B06A /* Embed Pods Frameworks */ = {
			isa = PBXShellScriptBuildPhase;
			buildActionMask = 2147483647;
			files = (
			);
			inputPaths = (
			);
			name = "Embed Pods Frameworks";
			outputPaths = (
			);
			runOnlyForDeploymentPostprocessing = 0;
			shellPath = /bin/sh;
			shellScript = "\"${SRCROOT}/Pods/Target Support Files/Pods/Pods-frameworks.sh\"\n";
			showEnvVarsInLog = 0;
		};
		97268FDAAC096BA665E76ECB /* Check Pods Manifest.lock */ = {
			isa = PBXShellScriptBuildPhase;
			buildActionMask = 2147483647;
			files = (
			);
			inputPaths = (
			);
			name = "Check Pods Manifest.lock";
			outputPaths = (
			);
			runOnlyForDeploymentPostprocessing = 0;
			shellPath = /bin/sh;
			shellScript = "diff \"${PODS_ROOT}/../Podfile.lock\" \"${PODS_ROOT}/Manifest.lock\" > /dev/null\nif [[ $? != 0 ]] ; then\n    cat << EOM\nerror: The sandbox is not in sync with the Podfile.lock. Run 'pod install' or update your CocoaPods installation.\nEOM\n    exit 1\nfi\n";
			showEnvVarsInLog = 0;
		};
		FC22C171F1E7BDD83BBA2157 /* Copy Pods Resources */ = {
			isa = PBXShellScriptBuildPhase;
			buildActionMask = 2147483647;
			files = (
			);
			inputPaths = (
			);
			name = "Copy Pods Resources";
			outputPaths = (
			);
			runOnlyForDeploymentPostprocessing = 0;
			shellPath = /bin/sh;
			shellScript = "\"${SRCROOT}/Pods/Target Support Files/Pods/Pods-resources.sh\"\n";
			showEnvVarsInLog = 0;
		};
/* End PBXShellScriptBuildPhase section */

/* Begin PBXSourcesBuildPhase section */
		7545B50E1C44D65900DBC22D /* Sources */ = {
			isa = PBXSourcesBuildPhase;
			buildActionMask = 2147483647;
			files = (
				756FDA531C80471800D7C7BA /* UIBarButtonItem+Extension.swift in Sources */,
				756FDA561C80471800D7C7BA /* UIView+Extension.swift in Sources */,
				756FDA541C80471800D7C7BA /* UIDevice + Extension.swift in Sources */,
				756FDA611C804E7900D7C7BA /* UpImageDownTextButton.swift in Sources */,
				756FDA4B1C80467E00D7C7BA /* AppDelegate.swift in Sources */,
				756FDA5B1C8048FF00D7C7BA /* NSDate+String.swift in Sources */,
				756FDA5D1C80494E00D7C7BA /* BaseViewController.swift in Sources */,
				756FDA521C80471800D7C7BA /* Color+Extension.swift in Sources */,
				756FDA5F1C80496000D7C7BA /* BaseNavigationController.swift in Sources */,
				756FDA471C80438F00D7C7BA /* LoginViewController.swift in Sources */,
				756FDA551C80471800D7C7BA /* UIImage + Extension.swift in Sources */,
				756FDA591C80486A00D7C7BA /* AppConstant.swift in Sources */,
			);
			runOnlyForDeploymentPostprocessing = 0;
		};
		7545B5221C44D65900DBC22D /* Sources */ = {
			isa = PBXSourcesBuildPhase;
			buildActionMask = 2147483647;
			files = (
				7545B52B1C44D65900DBC22D /* SMTHBBSTests.swift in Sources */,
			);
			runOnlyForDeploymentPostprocessing = 0;
		};
		7545B52D1C44D65900DBC22D /* Sources */ = {
			isa = PBXSourcesBuildPhase;
			buildActionMask = 2147483647;
			files = (
				7545B5361C44D65900DBC22D /* SMTHBBSUITests.swift in Sources */,
			);
			runOnlyForDeploymentPostprocessing = 0;
		};
/* End PBXSourcesBuildPhase section */

/* Begin PBXTargetDependency section */
		7545B5281C44D65900DBC22D /* PBXTargetDependency */ = {
			isa = PBXTargetDependency;
			target = 7545B5111C44D65900DBC22D /* SMTHBBS */;
			targetProxy = 7545B5271C44D65900DBC22D /* PBXContainerItemProxy */;
		};
		7545B5331C44D65900DBC22D /* PBXTargetDependency */ = {
			isa = PBXTargetDependency;
			target = 7545B5111C44D65900DBC22D /* SMTHBBS */;
			targetProxy = 7545B5321C44D65900DBC22D /* PBXContainerItemProxy */;
		};
/* End PBXTargetDependency section */

/* Begin XCBuildConfiguration section */
		7545B5381C44D65900DBC22D /* Debug */ = {
			isa = XCBuildConfiguration;
			buildSettings = {
				ALWAYS_SEARCH_USER_PATHS = NO;
				CLANG_CXX_LANGUAGE_STANDARD = "gnu++0x";
				CLANG_CXX_LIBRARY = "libc++";
				CLANG_ENABLE_MODULES = YES;
				CLANG_ENABLE_OBJC_ARC = YES;
				CLANG_WARN_BOOL_CONVERSION = YES;
				CLANG_WARN_CONSTANT_CONVERSION = YES;
				CLANG_WARN_DIRECT_OBJC_ISA_USAGE = YES_ERROR;
				CLANG_WARN_EMPTY_BODY = YES;
				CLANG_WARN_ENUM_CONVERSION = YES;
				CLANG_WARN_INT_CONVERSION = YES;
				CLANG_WARN_OBJC_ROOT_CLASS = YES_ERROR;
				CLANG_WARN_UNREACHABLE_CODE = YES;
				CLANG_WARN__DUPLICATE_METHOD_MATCH = YES;
				"CODE_SIGN_IDENTITY[sdk=iphoneos*]" = "iPhone Developer";
				COPY_PHASE_STRIP = NO;
				DEBUG_INFORMATION_FORMAT = dwarf;
				ENABLE_STRICT_OBJC_MSGSEND = YES;
				ENABLE_TESTABILITY = YES;
				GCC_C_LANGUAGE_STANDARD = gnu99;
				GCC_DYNAMIC_NO_PIC = NO;
				GCC_NO_COMMON_BLOCKS = YES;
				GCC_OPTIMIZATION_LEVEL = 0;
				GCC_PREPROCESSOR_DEFINITIONS = (
					"DEBUG=1",
					"$(inherited)",
				);
				GCC_WARN_64_TO_32_BIT_CONVERSION = YES;
				GCC_WARN_ABOUT_RETURN_TYPE = YES_ERROR;
				GCC_WARN_UNDECLARED_SELECTOR = YES;
				GCC_WARN_UNINITIALIZED_AUTOS = YES_AGGRESSIVE;
				GCC_WARN_UNUSED_FUNCTION = YES;
				GCC_WARN_UNUSED_VARIABLE = YES;
				IPHONEOS_DEPLOYMENT_TARGET = 7.0;
				MTL_ENABLE_DEBUG_INFO = YES;
				ONLY_ACTIVE_ARCH = YES;
				SDKROOT = iphoneos;
				SWIFT_OPTIMIZATION_LEVEL = "-Onone";
				TARGETED_DEVICE_FAMILY = "1,2";
			};
			name = Debug;
		};
		7545B5391C44D65900DBC22D /* Release */ = {
			isa = XCBuildConfiguration;
			buildSettings = {
				ALWAYS_SEARCH_USER_PATHS = NO;
				CLANG_CXX_LANGUAGE_STANDARD = "gnu++0x";
				CLANG_CXX_LIBRARY = "libc++";
				CLANG_ENABLE_MODULES = YES;
				CLANG_ENABLE_OBJC_ARC = YES;
				CLANG_WARN_BOOL_CONVERSION = YES;
				CLANG_WARN_CONSTANT_CONVERSION = YES;
				CLANG_WARN_DIRECT_OBJC_ISA_USAGE = YES_ERROR;
				CLANG_WARN_EMPTY_BODY = YES;
				CLANG_WARN_ENUM_CONVERSION = YES;
				CLANG_WARN_INT_CONVERSION = YES;
				CLANG_WARN_OBJC_ROOT_CLASS = YES_ERROR;
				CLANG_WARN_UNREACHABLE_CODE = YES;
				CLANG_WARN__DUPLICATE_METHOD_MATCH = YES;
				"CODE_SIGN_IDENTITY[sdk=iphoneos*]" = "iPhone Developer";
				COPY_PHASE_STRIP = NO;
				DEBUG_INFORMATION_FORMAT = "dwarf-with-dsym";
				ENABLE_NS_ASSERTIONS = NO;
				ENABLE_STRICT_OBJC_MSGSEND = YES;
				GCC_C_LANGUAGE_STANDARD = gnu99;
				GCC_NO_COMMON_BLOCKS = YES;
				GCC_WARN_64_TO_32_BIT_CONVERSION = YES;
				GCC_WARN_ABOUT_RETURN_TYPE = YES_ERROR;
				GCC_WARN_UNDECLARED_SELECTOR = YES;
				GCC_WARN_UNINITIALIZED_AUTOS = YES_AGGRESSIVE;
				GCC_WARN_UNUSED_FUNCTION = YES;
				GCC_WARN_UNUSED_VARIABLE = YES;
				IPHONEOS_DEPLOYMENT_TARGET = 7.0;
				MTL_ENABLE_DEBUG_INFO = NO;
				SDKROOT = iphoneos;
				TARGETED_DEVICE_FAMILY = "1,2";
				VALIDATE_PRODUCT = YES;
			};
			name = Release;
		};
		7545B53B1C44D65900DBC22D /* Debug */ = {
			isa = XCBuildConfiguration;
			baseConfigurationReference = 436FFE3B5E06676BC35A25AA /* Pods.debug.xcconfig */;
			buildSettings = {
				ASSETCATALOG_COMPILER_APPICON_NAME = AppIcon;
				ASSETCATALOG_COMPILER_LAUNCHIMAGE_NAME = "Brand Assets";
				INFOPLIST_FILE = SMTHBBS/Info.plist;
				IPHONEOS_DEPLOYMENT_TARGET = 7.0;
				LD_RUNPATH_SEARCH_PATHS = "$(inherited) @executable_path/Frameworks";
				PRODUCT_BUNDLE_IDENTIFIER = jiuhaoHealth.SMTHBBS;
				PRODUCT_NAME = "$(TARGET_NAME)";
				SWIFT_OBJC_BRIDGING_HEADER = "/Users/yangshuo/Desktop/康讯4.3/SMTHBBS/SMTHBBS/SMTHBBS/Classes/AppDelegate/SMTHBBS-Bridging-Header.h";
				TARGETED_DEVICE_FAMILY = 1;
			};
			name = Debug;
		};
		7545B53C1C44D65900DBC22D /* Release */ = {
			isa = XCBuildConfiguration;
			baseConfigurationReference = 5FD641617B3348EB4DA0EEAD /* Pods.release.xcconfig */;
			buildSettings = {
				ASSETCATALOG_COMPILER_APPICON_NAME = AppIcon;
				ASSETCATALOG_COMPILER_LAUNCHIMAGE_NAME = "Brand Assets";
				INFOPLIST_FILE = SMTHBBS/Info.plist;
				IPHONEOS_DEPLOYMENT_TARGET = 7.0;
				LD_RUNPATH_SEARCH_PATHS = "$(inherited) @executable_path/Frameworks";
				PRODUCT_BUNDLE_IDENTIFIER = jiuhaoHealth.SMTHBBS;
				PRODUCT_NAME = "$(TARGET_NAME)";
				SWIFT_OBJC_BRIDGING_HEADER = "/Users/yangshuo/Desktop/康讯4.3/SMTHBBS/SMTHBBS/SMTHBBS/Classes/AppDelegate/SMTHBBS-Bridging-Header.h";
				TARGETED_DEVICE_FAMILY = 1;
			};
			name = Release;
		};
		7545B53E1C44D65900DBC22D /* Debug */ = {
			isa = XCBuildConfiguration;
			buildSettings = {
				BUNDLE_LOADER = "$(TEST_HOST)";
				INFOPLIST_FILE = SMTHBBSTests/Info.plist;
				LD_RUNPATH_SEARCH_PATHS = "$(inherited) @executable_path/Frameworks @loader_path/Frameworks";
				PRODUCT_BUNDLE_IDENTIFIER = jiuhaoHealth.SMTHBBSTests;
				PRODUCT_NAME = "$(TARGET_NAME)";
				TEST_HOST = "$(BUILT_PRODUCTS_DIR)/SMTHBBS.app/SMTHBBS";
			};
			name = Debug;
		};
		7545B53F1C44D65900DBC22D /* Release */ = {
			isa = XCBuildConfiguration;
			buildSettings = {
				BUNDLE_LOADER = "$(TEST_HOST)";
				INFOPLIST_FILE = SMTHBBSTests/Info.plist;
				LD_RUNPATH_SEARCH_PATHS = "$(inherited) @executable_path/Frameworks @loader_path/Frameworks";
				PRODUCT_BUNDLE_IDENTIFIER = jiuhaoHealth.SMTHBBSTests;
				PRODUCT_NAME = "$(TARGET_NAME)";
				TEST_HOST = "$(BUILT_PRODUCTS_DIR)/SMTHBBS.app/SMTHBBS";
			};
			name = Release;
		};
		7545B5411C44D65900DBC22D /* Debug */ = {
			isa = XCBuildConfiguration;
			buildSettings = {
				INFOPLIST_FILE = SMTHBBSUITests/Info.plist;
				LD_RUNPATH_SEARCH_PATHS = "$(inherited) @executable_path/Frameworks @loader_path/Frameworks";
				PRODUCT_BUNDLE_IDENTIFIER = jiuhaoHealth.SMTHBBSUITests;
				PRODUCT_NAME = "$(TARGET_NAME)";
				TEST_TARGET_NAME = SMTHBBS;
				USES_XCTRUNNER = YES;
			};
			name = Debug;
		};
		7545B5421C44D65900DBC22D /* Release */ = {
			isa = XCBuildConfiguration;
			buildSettings = {
				INFOPLIST_FILE = SMTHBBSUITests/Info.plist;
				LD_RUNPATH_SEARCH_PATHS = "$(inherited) @executable_path/Frameworks @loader_path/Frameworks";
				PRODUCT_BUNDLE_IDENTIFIER = jiuhaoHealth.SMTHBBSUITests;
				PRODUCT_NAME = "$(TARGET_NAME)";
				TEST_TARGET_NAME = SMTHBBS;
				USES_XCTRUNNER = YES;
			};
			name = Release;
		};
/* End XCBuildConfiguration section */

/* Begin XCConfigurationList section */
		7545B50D1C44D65900DBC22D /* Build configuration list for PBXProject "SMTHBBS" */ = {
			isa = XCConfigurationList;
			buildConfigurations = (
				7545B5381C44D65900DBC22D /* Debug */,
				7545B5391C44D65900DBC22D /* Release */,
			);
			defaultConfigurationIsVisible = 0;
			defaultConfigurationName = Release;
		};
		7545B53A1C44D65900DBC22D /* Build configuration list for PBXNativeTarget "SMTHBBS" */ = {
			isa = XCConfigurationList;
			buildConfigurations = (
				7545B53B1C44D65900DBC22D /* Debug */,
				7545B53C1C44D65900DBC22D /* Release */,
			);
			defaultConfigurationIsVisible = 0;
			defaultConfigurationName = Release;
		};
		7545B53D1C44D65900DBC22D /* Build configuration list for PBXNativeTarget "SMTHBBSTests" */ = {
			isa = XCConfigurationList;
			buildConfigurations = (
				7545B53E1C44D65900DBC22D /* Debug */,
				7545B53F1C44D65900DBC22D /* Release */,
			);
			defaultConfigurationIsVisible = 0;
			defaultConfigurationName = Release;
		};
		7545B5401C44D65900DBC22D /* Build configuration list for PBXNativeTarget "SMTHBBSUITests" */ = {
			isa = XCConfigurationList;
			buildConfigurations = (
				7545B5411C44D65900DBC22D /* Debug */,
				7545B5421C44D65900DBC22D /* Release */,
			);
			defaultConfigurationIsVisible = 0;
			defaultConfigurationName = Release;
		};
/* End XCConfigurationList section */
	};
	rootObject = 7545B50A1C44D65900DBC22D /* Project object */;
}
